
Microsoft Visual Studio Solution File, Format Version 12.00
# Visual Studio Version 17
VisualStudioVersion = 17.9.34728.123
MinimumVisualStudioVersion = 10.0.40219.1
Project("{FAE04EC0-301F-11D3-BF4B-00C04F79EFBC}") = "image2indexed", "image2indexed.csproj", "{FD2DBBE0-5AEE-4034-8414-EE3A148E8D3B}"
EndProject
Global
	GlobalSection(SolutionConfigurationPlatforms) = preSolution
		Debug|Any CPU = Debug|Any CPU
		Release|Any CPU = Release|Any CPU
	EndGlobalSection
	GlobalSection(ProjectConfigurationPlatforms) = postSolution
		{FD2DBBE0-5AEE-4034-8414-EE3A148E8D3B}.Debug|Any CPU.ActiveCfg = Debug|Any CPU
		{FD2DBBE0-5AEE-4034-8414-EE3A148E8D3B}.Debug|Any CPU.Build.0 = Debug|Any CPU
		{FD2DBBE0-5AEE-4034-8414-EE3A148E8D3B}.Release|Any CPU.ActiveCfg = Release|Any CPU
		{FD2DBBE0-5AEE-4034-8414-EE3A148E8D3B}.Release|Any CPU.Build.0 = Release|Any CPU
	EndGlobalSection
	GlobalSection(SolutionProperties) = preSolution
		HideSolutionNode = FALSE
	EndGlobalSection
	GlobalSection(ExtensibilityGlobals) = postSolution
		SolutionGuid = {1A6A46EC-A25D-4D7E-8FA2-74BD9FFB5014}
	EndGlobalSection
EndGlobal
